{
  "name": "dep0169-repro",
  "lockfileVersion": 3,
  "requires": true,
  "packages": {
    "": {
      "name": "dep0169-repro",
      "dependencies": {
        "@upstash/qstash": "2.11.0",
        "crypto-js": "4.2.0",
        "jose": "^5.2.3"
      }
    },
    "node_modules/@upstash/qstash": {
      "version": "2.11.0",
      "resolved": "https://registry.npmjs.org/@upstash/qstash/-/qstash-2.11.0.tgz",
      "integrity": "sha512-AfPPxsUeOJCrxMQ9dkh1RZL40wgxCsUNFkxrbBSomC3U4j4qKFRawU8sDK+dqqH+sZFUS1biVM4GK46d5Tg2Vg==",
      "license": "MIT",
      "dependencies": {
        "crypto-js": ">=4.2.0",
        "jose": "^5.2.3",
        "neverthrow": "^7.0.1"
      }
    },
    "node_modules/crypto-js": {
      "version": "4.2.0",
      "resolved": "https://registry.npmjs.org/crypto-js/-/crypto-js-4.2.0.tgz",
      "integrity": "sha512-KALDyEYgpY+Rlob/iriUtjV6d5Eq+Y191A5g4UqLAi8CyGP9N1+FdVbkc1SxKc2r4YAYqG8JzO2KGL+AizD70Q==",
      "deprecated": "Active development of CryptoJS has been discontinued. This library is no longer maintained.",
      "license": "MIT"
    },
    "node_modules/jose": {
      "version": "5.10.0",
      "resolved": "https://registry.npmjs.org/jose/-/jose-5.10.0.tgz",
      "integrity": "sha512-s+3Al/p9g32Iq+oqXxkW//7jk2Vig6FF1CFqzVXoTUXt2qz89YWbL+OwS17NFYEvxC35n0FKeGO2LGYSxeM2Gg==",
      "license": "MIT",
      "funding": {
        "url": "https://github.com/sponsors/panva"
      }
    },
    "node_modules/neverthrow": {
      "version": "7.2.0",
      "resolved": "https://registry.npmjs.org/neverthrow/-/neverthrow-7.2.0.tgz",
      "integrity": "sha512-iGBUfFB7yPczHHtA8dksKTJ9E8TESNTAx1UQWW6TzMF280vo9jdPYpLUXrMN1BCkPdHFdNG3fxOt2CUad8KhAw==",
      "license": "MIT",
      "engines": {
        "node": ">=18"
      }
    }
  }
}
